github.com/tomet/assert v0.1.6 h1:nu07pZ9D6Nq49Obr77U/Wl1TNp/+6w+g4Nqg4128DS8=
github.com/tomet/assert v0.1.6/go.mod h1:miIw8tT+Qx0edMjGHlLO+O5H/ZgCAtLAMcHyFKSzlEs=
github.com/tomet/cmdr v0.2.4 h1:SKJsQ0vaTAmdgEjLqPft+CqVIGGdVezFUlvGOvS9xok=
github.com/tomet/cmdr v0.2.4/go.mod h1:eCcd+7Gq/pB/cepSp+wbWz8867MQOiA8vcBSrvO24PI=
